{
  "name": "SoluticProject",
  "lockfileVersion": 3,
  "requires": true,
  "packages": {
    "": {
      "dependencies": {
        "axios": "^1.5.1",
        "datatables.net": "1.11.4",
        "datatables.net-bs5": "1.11.4",
        "datatables.net-buttons": "2.2.2",
        "datatables.net-buttons-bs5": "2.2.2",
        "datatables.net-fixedcolumns": "^4.0.2",
        "datatables.net-fixedcolumns-bs5": "^4.0.2",
        "datatables.net-fixedheader": "^3.2.2",
        "datatables.net-fixedheader-bs5": "^3.2.2",
        "datatables.net-keytable": "2.6.4",
        "datatables.net-keytable-bs5": "2.6.4",
        "datatables.net-responsive": "2.2.9",
        "datatables.net-responsive-bs5": "2.2.9",
        "datatables.net-select": "1.3.4",
        "datatables.net-select-bs5": "1.3.4",
        "sweetalert2": "^11.14.3"
      }
    },
    "node_modules/asynckit": {
      "version": "0.4.0",
      "resolved": "https://registry.npmjs.org/asynckit/-/asynckit-0.4.0.tgz",
      "integrity": "sha512-Oei9OH4tRh0YqU3GxhX79dM/mwVgvbZJaSNaRk+bshkj0S5cfHcgYakreBjrHwatXKbz+IoIdYLxrKim2MjW0Q==",
      "license": "MIT"
    },
    "node_modules/axios": {
      "version": "1.7.7",
      "resolved": "https://registry.npmjs.org/axios/-/axios-1.7.7.tgz",
      "integrity": "sha512-S4kL7XrjgBmvdGut0sN3yJxqYzrDOnivkBiN0OFs6hLiUam3UPvswUo0kqGyhqUZGEOytHyumEdXsAkgCOUf3Q==",
      "license": "MIT",
      "dependencies": {
        "follow-redirects": "^1.15.6",
        "form-data": "^4.0.0",
        "proxy-from-env": "^1.1.0"
      }
    },
    "node_modules/combined-stream": {
      "version": "1.0.8",
      "resolved": "https://registry.npmjs.org/combined-stream/-/combined-stream-1.0.8.tgz",
      "integrity": "sha512-FQN4MRfuJeHf7cBbBMJFXhKSDq+2kAArBlmRBvcvFE5BB1HZKXtSFASDhdlz9zOYwxh8lDdnvmMOe/+5cdoEdg==",
      "license": "MIT",
      "dependencies": {
        "delayed-stream": "~1.0.0"
      },
      "engines": {
        "node": ">= 0.8"
      }
    },
    "node_modules/datatables.net": {
      "version": "1.11.4",
      "resolved": "https://registry.npmjs.org/datatables.net/-/datatables.net-1.11.4.tgz",
      "integrity": "sha512-z9LG4O0VYOYzp+rnArLExvnUWV8ikyWBcHYZEKDfVuz7BKxQdEq4a/tpO0Trbm+FL1+RY7UEIh+UcYNY/hwGxA==",
      "license": "MIT",
      "dependencies": {
        "jquery": ">=1.7"
      }
    },
    "node_modules/datatables.net-bs5": {
      "version": "1.11.4",
      "resolved": "https://registry.npmjs.org/datatables.net-bs5/-/datatables.net-bs5-1.11.4.tgz",
      "integrity": "sha512-IFezEIKzqKJmW/N8rCLfM9rddxUJmvbggdkbsMzxSS5WZkF7qhq/swokUD0ziazyTrTpPMqxTx1OIgpbGt+g6A==",
      "license": "MIT",
      "dependencies": {
        "datatables.net": ">=1.11.3",
        "jquery": ">=1.7"
      }
    },
    "node_modules/datatables.net-buttons": {
      "version": "2.2.2",
      "resolved": "https://registry.npmjs.org/datatables.net-buttons/-/datatables.net-buttons-2.2.2.tgz",
      "integrity": "sha512-YrTgBDejFSzm2CJOx0aOACXDIELBsdMFe6IR3rJqC0elJoMd6uXVQ4pRBQEge4cfWpYa5T1Majm7r6FQi0j6Jw==",
      "license": "MIT",
      "dependencies": {
        "datatables.net": ">=1.11.3",
        "jquery": ">=1.7"
      }
    },
    "node_modules/datatables.net-buttons-bs5": {
      "version": "2.2.2",
      "resolved": "https://registry.npmjs.org/datatables.net-buttons-bs5/-/datatables.net-buttons-bs5-2.2.2.tgz",
      "integrity": "sha512-2UBJbymi7giJ6xsh3L/8C1G3I2DzcrAd8GJKamUH5IacmX8Z2qWcoGEu67n4QsBLSOLksOeyoGRfTp+WCfUKnw==",
      "license": "MIT",
      "dependencies": {
        "datatables.net-bs5": ">=1.11.3",
        "datatables.net-buttons": ">=2.0.1",
        "jquery": ">=1.7"
      }
    },
    "node_modules/datatables.net-fixedcolumns": {
      "version": "4.3.1",
      "resolved": "https://registry.npmjs.org/datatables.net-fixedcolumns/-/datatables.net-fixedcolumns-4.3.1.tgz",
      "integrity": "sha512-K5hEr5PIIHFMLd2sR9CBw3RRhf0nJbbsc5NHWnfjUUtnr9d808xbifuej3TpdKOtGeRJgAnRktiL9f30sM32CQ==",
      "license": "MIT",
      "dependencies": {
        "datatables.net": "^1.13.0",
        "jquery": ">=1.7"
      }
    },
    "node_modules/datatables.net-fixedcolumns-bs5": {
      "version": "4.3.1",
      "resolved": "https://registry.npmjs.org/datatables.net-fixedcolumns-bs5/-/datatables.net-fixedcolumns-bs5-4.3.1.tgz",
      "integrity": "sha512-cHh+ydEmtnD7O5JHsob32Xi0iS+CTvJSSJEEuasK7JmOG6Ct2OjwSX2Z6MHQyjoaSWxqjnT4OVf1v01j8abXTA==",
      "license": "MIT",
      "dependencies": {
        "datatables.net-bs5": "^1.13.0",
        "datatables.net-fixedcolumns": "4.3.1",
        "jquery": ">=1.7"
      }
    },
    "node_modules/datatables.net-fixedcolumns-bs5/node_modules/datatables.net": {
      "version": "1.13.11",
      "resolved": "https://registry.npmjs.org/datatables.net/-/datatables.net-1.13.11.tgz",
      "integrity": "sha512-AE6RkMXziRaqzPcu/pl3SJXeRa6fmXQG/fVjuRESujvkzqDCYEeKTTpPMuVJSGYJpPi32WGSphVNNY1G4nSN/g==",
      "license": "MIT",
      "dependencies": {
        "jquery": "1.8 - 4"
      }
    },
    "node_modules/datatables.net-fixedcolumns-bs5/node_modules/datatables.net-bs5": {
      "version": "1.13.11",
      "resolved": "https://registry.npmjs.org/datatables.net-bs5/-/datatables.net-bs5-1.13.11.tgz",
      "integrity": "sha512-NQO15TjXo4xvZ0jReC4Uf86ezbQzPQPdaN2YncrCPhzQ6fx+2WD7DUq4ur0HbAcYHo94/M+MtD5Ch29To7Rj3Q==",
      "license": "MIT",
      "dependencies": {
        "datatables.net": "1.13.11",
        "jquery": "1.8 - 4"
      }
    },
    "node_modules/datatables.net-fixedcolumns/node_modules/datatables.net": {
      "version": "1.13.11",
      "resolved": "https://registry.npmjs.org/datatables.net/-/datatables.net-1.13.11.tgz",
      "integrity": "sha512-AE6RkMXziRaqzPcu/pl3SJXeRa6fmXQG/fVjuRESujvkzqDCYEeKTTpPMuVJSGYJpPi32WGSphVNNY1G4nSN/g==",
      "license": "MIT",
      "dependencies": {
        "jquery": "1.8 - 4"
      }
    },
    "node_modules/datatables.net-fixedheader": {
      "version": "3.4.1",
      "resolved": "https://registry.npmjs.org/datatables.net-fixedheader/-/datatables.net-fixedheader-3.4.1.tgz",
      "integrity": "sha512-c9FJAShG5r8RJDIszWQvMFe6Ie+njfbHB9GhzOPjEF7zhbsMUQEkoYq1qW3ppOxY5psadDrT+D3f4iGM589u6w==",
      "license": "MIT",
      "dependencies": {
        "datatables.net": "^1.13.0",
        "jquery": ">=1.7"
      }
    },
    "node_modules/datatables.net-fixedheader-bs5": {
      "version": "3.4.1",
      "resolved": "https://registry.npmjs.org/datatables.net-fixedheader-bs5/-/datatables.net-fixedheader-bs5-3.4.1.tgz",
      "integrity": "sha512-A2oDu1dcDzM6tF1IJNFtcnPQ5Vl3wJewyEs9I9/oI/a5P93nAZGbG6F5ZZedE9UDSMfNfCU3MbXYaUYmZEAqrA==",
      "license": "MIT",
      "dependencies": {
        "datatables.net-bs5": "^1.13.0",
        "datatables.net-fixedheader": "3.4.1",
        "jquery": ">=1.7"
      }
    },
    "node_modules/datatables.net-fixedheader-bs5/node_modules/datatables.net": {
      "version": "1.13.11",
      "resolved": "https://registry.npmjs.org/datatables.net/-/datatables.net-1.13.11.tgz",
      "integrity": "sha512-AE6RkMXziRaqzPcu/pl3SJXeRa6fmXQG/fVjuRESujvkzqDCYEeKTTpPMuVJSGYJpPi32WGSphVNNY1G4nSN/g==",
      "license": "MIT",
      "dependencies": {
        "jquery": "1.8 - 4"
      }
    },
    "node_modules/datatables.net-fixedheader-bs5/node_modules/datatables.net-bs5": {
      "version": "1.13.11",
      "resolved": "https://registry.npmjs.org/datatables.net-bs5/-/datatables.net-bs5-1.13.11.tgz",
      "integrity": "sha512-NQO15TjXo4xvZ0jReC4Uf86ezbQzPQPdaN2YncrCPhzQ6fx+2WD7DUq4ur0HbAcYHo94/M+MtD5Ch29To7Rj3Q==",
      "license": "MIT",
      "dependencies": {
        "datatables.net": "1.13.11",
        "jquery": "1.8 - 4"
      }
    },
    "node_modules/datatables.net-fixedheader/node_modules/datatables.net": {
      "version": "1.13.11",
      "resolved": "https://registry.npmjs.org/datatables.net/-/datatables.net-1.13.11.tgz",
      "integrity": "sha512-AE6RkMXziRaqzPcu/pl3SJXeRa6fmXQG/fVjuRESujvkzqDCYEeKTTpPMuVJSGYJpPi32WGSphVNNY1G4nSN/g==",
      "license": "MIT",
      "dependencies": {
        "jquery": "1.8 - 4"
      }
    },
    "node_modules/datatables.net-keytable": {
      "version": "2.6.4",
      "resolved": "https://registry.npmjs.org/datatables.net-keytable/-/datatables.net-keytable-2.6.4.tgz",
      "integrity": "sha512-84ldg8S3rAzHKJw4inz/a4lWUWaVhrSrH16+zO9sxUdBgT+rTTjx7aN5d3JwrdroEYB3z2uWfd0MOxNlNXeuUQ==",
      "license": "MIT",
      "dependencies": {
        "datatables.net": ">=1.10.25",
        "jquery": ">=1.7"
      }
    },
    "node_modules/datatables.net-keytable-bs5": {
      "version": "2.6.4",
      "resolved": "https://registry.npmjs.org/datatables.net-keytable-bs5/-/datatables.net-keytable-bs5-2.6.4.tgz",
      "integrity": "sha512-SHDgrWTHOtrPeuBHepla+GKx0SwpDc00M9zd0WlKtjpAK89TQBO5h0n4xKgycvjbBEA0XVAzyyW0ufE/OklELg==",
      "license": "MIT",
      "dependencies": {
        "datatables.net-bs5": ">=1.10.25",
        "datatables.net-keytable": ">=2.6.2",
        "jquery": ">=1.7"
      }
    },
    "node_modules/datatables.net-responsive": {
      "version": "2.2.9",
      "resolved": "https://registry.npmjs.org/datatables.net-responsive/-/datatables.net-responsive-2.2.9.tgz",
      "integrity": "sha512-C+mOY/mG17zzaYPtgqAOsC4JlGddGkKmO/ADNEtNZ41bcPV1/3jJzkOWT3DCZ400NmkXLDz4WObWlPT8WCgfzg==",
      "license": "MIT",
      "dependencies": {
        "datatables.net": "^1.10.15",
        "jquery": ">=1.7"
      }
    },
    "node_modules/datatables.net-responsive-bs5": {
      "version": "2.2.9",
      "resolved": "https://registry.npmjs.org/datatables.net-responsive-bs5/-/datatables.net-responsive-bs5-2.2.9.tgz",
      "integrity": "sha512-2g+gFyQCek/OR1RQTVPVq42NUQ+cGGeGKV6+qALyO6MCGYqJ4oKNb368EmvyHGCCRdEngiaC/1eesmupF0q20w==",
      "license": "MIT",
      "dependencies": {
        "jquery": ">=1.7"
      }
    },
    "node_modules/datatables.net-select": {
      "version": "1.3.4",
      "resolved": "https://registry.npmjs.org/datatables.net-select/-/datatables.net-select-1.3.4.tgz",
      "integrity": "sha512-iQ/dBHIWkhfCBxzNdtef79seCNO1ZsA5zU0Uiw3R2mlwmjcJM1xn6pFNajke6SX7VnlzndGDHGqzzEljSqz4pA==",
      "license": "MIT",
      "dependencies": {
        "datatables.net": ">=1.11.3",
        "jquery": ">=1.7"
      }
    },
    "node_modules/datatables.net-select-bs5": {
      "version": "1.3.4",
      "resolved": "https://registry.npmjs.org/datatables.net-select-bs5/-/datatables.net-select-bs5-1.3.4.tgz",
      "integrity": "sha512-fJyFVtDzo4P4oIOUU2vSvYLuegDdSoqJrqPbFaI0DX2O/MYg2H9hXo09UZ7No/pxBJ1NBRCm8Q3U9uyoCBK7RQ==",
      "license": "MIT",
      "dependencies": {
        "datatables.net-bs5": ">=1.11.3",
        "datatables.net-select": ">=1.3.3",
        "jquery": ">=1.7"
      }
    },
    "node_modules/delayed-stream": {
      "version": "1.0.0",
      "resolved": "https://registry.npmjs.org/delayed-stream/-/delayed-stream-1.0.0.tgz",
      "integrity": "sha512-ZySD7Nf91aLB0RxL4KGrKHBXl7Eds1DAmEdcoVawXnLD7SDhpNgtuII2aAkg7a7QS41jxPSZ17p4VdGnMHk3MQ==",
      "license": "MIT",
      "engines": {
        "node": ">=0.4.0"
      }
    },
    "node_modules/follow-redirects": {
      "version": "1.15.9",
      "resolved": "https://registry.npmjs.org/follow-redirects/-/follow-redirects-1.15.9.tgz",
      "integrity": "sha512-gew4GsXizNgdoRyqmyfMHyAmXsZDk6mHkSxZFCzW9gwlbtOW44CDtYavM+y+72qD/Vq2l550kMF52DT8fOLJqQ==",
      "funding": [
        {
          "type": "individual",
          "url": "https://github.com/sponsors/RubenVerborgh"
        }
      ],
      "license": "MIT",
      "engines": {
        "node": ">=4.0"
      },
      "peerDependenciesMeta": {
        "debug": {
          "optional": true
        }
      }
    },
    "node_modules/form-data": {
      "version": "4.0.1",
      "resolved": "https://registry.npmjs.org/form-data/-/form-data-4.0.1.tgz",
      "integrity": "sha512-tzN8e4TX8+kkxGPK8D5u0FNmjPUjw3lwC9lSLxxoB/+GtsJG91CO8bSWy73APlgAZzZbXEYZJuxjkHH2w+Ezhw==",
      "license": "MIT",
      "dependencies": {
        "asynckit": "^0.4.0",
        "combined-stream": "^1.0.8",
        "mime-types": "^2.1.12"
      },
      "engines": {
        "node": ">= 6"
      }
    },
    "node_modules/jquery": {
      "version": "3.7.1",
      "resolved": "https://registry.npmjs.org/jquery/-/jquery-3.7.1.tgz",
      "integrity": "sha512-m4avr8yL8kmFN8psrbFFFmB/If14iN5o9nw/NgnnM+kybDJpRsAynV2BsfpTYrTRysYUdADVD7CkUUizgkpLfg==",
      "license": "MIT"
    },
    "node_modules/mime-db": {
      "version": "1.52.0",
      "resolved": "https://registry.npmjs.org/mime-db/-/mime-db-1.52.0.tgz",
      "integrity": "sha512-sPU4uV7dYlvtWJxwwxHD0PuihVNiE7TyAbQ5SWxDCB9mUYvOgroQOwYQQOKPJ8CIbE+1ETVlOoK1UC2nU3gYvg==",
      "license": "MIT",
      "engines": {
        "node": ">= 0.6"
      }
    },
    "node_modules/mime-types": {
      "version": "2.1.35",
      "resolved": "https://registry.npmjs.org/mime-types/-/mime-types-2.1.35.tgz",
      "integrity": "sha512-ZDY+bPm5zTTF+YpCrAU9nK0UgICYPT0QtT1NZWFv4s++TNkcgVaT0g6+4R2uI4MjQjzysHB1zxuWL50hzaeXiw==",
      "license": "MIT",
      "dependencies": {
        "mime-db": "1.52.0"
      },
      "engines": {
        "node": ">= 0.6"
      }
    },
    "node_modules/proxy-from-env": {
      "version": "1.1.0",
      "resolved": "https://registry.npmjs.org/proxy-from-env/-/proxy-from-env-1.1.0.tgz",
      "integrity": "sha512-D+zkORCbA9f1tdWRK0RaCR3GPv50cMxcrz4X8k5LTSUD1Dkw47mKJEZQNunItRTkWwgtaUSo1RVFRIG9ZXiFYg==",
      "license": "MIT"
    },
    "node_modules/sweetalert2": {
      "version": "11.14.4",
      "resolved": "https://registry.npmjs.org/sweetalert2/-/sweetalert2-11.14.4.tgz",
      "integrity": "sha512-8QMzjxCuinwm18EK5AtYvuhP+lRMRxTWVXy8om9wGlULsXSI4TD29kyih3VYrSXMMBlD4EShFvNC7slhTC7j0w==",
      "license": "MIT",
      "funding": {
        "type": "individual",
        "url": "https://github.com/sponsors/limonte"
      }
    }
  }
}
